
Microsoft Visual Studio Solution File, Format Version 12.00
# Visual Studio Version 16
VisualStudioVersion = 16.0.31829.152
MinimumVisualStudioVersion = 10.0.40219.1
Project("{FAE04EC0-301F-11D3-BF4B-00C04F79EFBC}") = "Frontera", "Frontera\Frontera.csproj", "{84815069-219D-44CC-AD3F-5CF126E95B91}"
EndProject
Project("{FAE04EC0-301F-11D3-BF4B-00C04F79EFBC}") = "Entidades", "Entidades\Entidades.csproj", "{D76098E5-C6E5-4C6A-ADDB-36D3EBFDFC44}"
EndProject
Project("{FAE04EC0-301F-11D3-BF4B-00C04F79EFBC}") = "LogicaNegocio", "LogicaNegocio\LogicaNegocio.csproj", "{D9F2E1BA-7B74-4297-A84C-E4485A904A5F}"
EndProject
Project("{FAE04EC0-301F-11D3-BF4B-00C04F79EFBC}") = "AccesoDatos", "AccesoDatos\AccesoDatos.csproj", "{F4D4683B-DC99-49CA-863A-A53E233AD806}"
EndProject
Global
	GlobalSection(SolutionConfigurationPlatforms) = preSolution
		Debug|Any CPU = Debug|Any CPU
		Release|Any CPU = Release|Any CPU
	EndGlobalSection
	GlobalSection(ProjectConfigurationPlatforms) = postSolution
		{84815069-219D-44CC-AD3F-5CF126E95B91}.Debug|Any CPU.ActiveCfg = Debug|Any CPU
		{84815069-219D-44CC-AD3F-5CF126E95B91}.Debug|Any CPU.Build.0 = Debug|Any CPU
		{84815069-219D-44CC-AD3F-5CF126E95B91}.Release|Any CPU.ActiveCfg = Release|Any CPU
		{84815069-219D-44CC-AD3F-5CF126E95B91}.Release|Any CPU.Build.0 = Release|Any CPU
		{D76098E5-C6E5-4C6A-ADDB-36D3EBFDFC44}.Debug|Any CPU.ActiveCfg = Debug|Any CPU
		{D76098E5-C6E5-4C6A-ADDB-36D3EBFDFC44}.Debug|Any CPU.Build.0 = Debug|Any CPU
		{D76098E5-C6E5-4C6A-ADDB-36D3EBFDFC44}.Release|Any CPU.ActiveCfg = Release|Any CPU
		{D76098E5-C6E5-4C6A-ADDB-36D3EBFDFC44}.Release|Any CPU.Build.0 = Release|Any CPU
		{D9F2E1BA-7B74-4297-A84C-E4485A904A5F}.Debug|Any CPU.ActiveCfg = Debug|Any CPU
		{D9F2E1BA-7B74-4297-A84C-E4485A904A5F}.Debug|Any CPU.Build.0 = Debug|Any CPU
		{D9F2E1BA-7B74-4297-A84C-E4485A904A5F}.Release|Any CPU.ActiveCfg = Release|Any CPU
		{D9F2E1BA-7B74-4297-A84C-E4485A904A5F}.Release|Any CPU.Build.0 = Release|Any CPU
		{F4D4683B-DC99-49CA-863A-A53E233AD806}.Debug|Any CPU.ActiveCfg = Debug|Any CPU
		{F4D4683B-DC99-49CA-863A-A53E233AD806}.Debug|Any CPU.Build.0 = Debug|Any CPU
		{F4D4683B-DC99-49CA-863A-A53E233AD806}.Release|Any CPU.ActiveCfg = Release|Any CPU
		{F4D4683B-DC99-49CA-863A-A53E233AD806}.Release|Any CPU.Build.0 = Release|Any CPU
	EndGlobalSection
	GlobalSection(SolutionProperties) = preSolution
		HideSolutionNode = FALSE
	EndGlobalSection
	GlobalSection(ExtensibilityGlobals) = postSolution
		SolutionGuid = {A753615F-0F66-4AF0-A874-027A05EBDC6B}
	EndGlobalSection
EndGlobal
